
Microsoft Visual Studio Solution File, Format Version 12.00
# Visual Studio Version 17
VisualStudioVersion = 17.6.33723.286
MinimumVisualStudioVersion = 10.0.40219.1
Project("{FAE04EC0-301F-11D3-BF4B-00C04F79EFBC}") = "SwitchandEnums", "SwitchandEnums\SwitchandEnums.csproj", "{7A6DEDBB-379D-4719-8D42-C2EF3789F295}"
EndProject
Global
	GlobalSection(SolutionConfigurationPlatforms) = preSolution
		Debug|Any CPU = Debug|Any CPU
		Release|Any CPU = Release|Any CPU
	EndGlobalSection
	GlobalSection(ProjectConfigurationPlatforms) = postSolution
		{7A6DEDBB-379D-4719-8D42-C2EF3789F295}.Debug|Any CPU.ActiveCfg = Debug|Any CPU
		{7A6DEDBB-379D-4719-8D42-C2EF3789F295}.Debug|Any CPU.Build.0 = Debug|Any CPU
		{7A6DEDBB-379D-4719-8D42-C2EF3789F295}.Release|Any CPU.ActiveCfg = Release|Any CPU
		{7A6DEDBB-379D-4719-8D42-C2EF3789F295}.Release|Any CPU.Build.0 = Release|Any CPU
	EndGlobalSection
	GlobalSection(SolutionProperties) = preSolution
		HideSolutionNode = FALSE
	EndGlobalSection
	GlobalSection(ExtensibilityGlobals) = postSolution
		SolutionGuid = {074AC44D-4448-475A-8482-CB884FFD13E6}
	EndGlobalSection
EndGlobal
