
Microsoft Visual Studio Solution File, Format Version 12.00
# Visual Studio Version 17
VisualStudioVersion = 17.6.33723.286
MinimumVisualStudioVersion = 10.0.40219.1
Project("{FAE04EC0-301F-11D3-BF4B-00C04F79EFBC}") = "ForeachLoop", "ForeachLoop\ForeachLoop.csproj", "{B44C00F2-2939-4F29-8DDE-49D8703BA43C}"
EndProject
Global
	GlobalSection(SolutionConfigurationPlatforms) = preSolution
		Debug|Any CPU = Debug|Any CPU
		Release|Any CPU = Release|Any CPU
	EndGlobalSection
	GlobalSection(ProjectConfigurationPlatforms) = postSolution
		{B44C00F2-2939-4F29-8DDE-49D8703BA43C}.Debug|Any CPU.ActiveCfg = Debug|Any CPU
		{B44C00F2-2939-4F29-8DDE-49D8703BA43C}.Debug|Any CPU.Build.0 = Debug|Any CPU
		{B44C00F2-2939-4F29-8DDE-49D8703BA43C}.Release|Any CPU.ActiveCfg = Release|Any CPU
		{B44C00F2-2939-4F29-8DDE-49D8703BA43C}.Release|Any CPU.Build.0 = Release|Any CPU
	EndGlobalSection
	GlobalSection(SolutionProperties) = preSolution
		HideSolutionNode = FALSE
	EndGlobalSection
	GlobalSection(ExtensibilityGlobals) = postSolution
		SolutionGuid = {5F0381BC-3187-4838-9F90-0882605DA8FE}
	EndGlobalSection
EndGlobal
