
Microsoft Visual Studio Solution File, Format Version 12.00
# Visual Studio Version 17
VisualStudioVersion = 17.6.33723.286
MinimumVisualStudioVersion = 10.0.40219.1
Project("{FAE04EC0-301F-11D3-BF4B-00C04F79EFBC}") = "GeneratetheSecreteNumber", "GeneratetheSecreteNumber\GeneratetheSecreteNumber.csproj", "{B0047C2E-C5C0-40FD-91BA-ADB39203538A}"
EndProject
Global
	GlobalSection(SolutionConfigurationPlatforms) = preSolution
		Debug|Any CPU = Debug|Any CPU
		Release|Any CPU = Release|Any CPU
	EndGlobalSection
	GlobalSection(ProjectConfigurationPlatforms) = postSolution
		{B0047C2E-C5C0-40FD-91BA-ADB39203538A}.Debug|Any CPU.ActiveCfg = Debug|Any CPU
		{B0047C2E-C5C0-40FD-91BA-ADB39203538A}.Debug|Any CPU.Build.0 = Debug|Any CPU
		{B0047C2E-C5C0-40FD-91BA-ADB39203538A}.Release|Any CPU.ActiveCfg = Release|Any CPU
		{B0047C2E-C5C0-40FD-91BA-ADB39203538A}.Release|Any CPU.Build.0 = Release|Any CPU
	EndGlobalSection
	GlobalSection(SolutionProperties) = preSolution
		HideSolutionNode = FALSE
	EndGlobalSection
	GlobalSection(ExtensibilityGlobals) = postSolution
		SolutionGuid = {0892A501-27FF-4A70-93E9-1680DC5DBE17}
	EndGlobalSection
EndGlobal
